
Microsoft Visual Studio Solution File, Format Version 12.00
# Visual Studio 14
VisualStudioVersion = 14.0.25123.0
MinimumVisualStudioVersion = 10.0.40219.1
Project("{FAE04EC0-301F-11D3-BF4B-00C04F79EFBC}") = "BarcodeFabric.Core", "src\BarcodeFabric.Core\BarcodeFabric.Core.csproj", "{ABD72E17-4B48-4B90-9DAE-18685F7B74AE}"
EndProject
Project("{2150E333-8FDC-42A3-9474-1A3956D46DE8}") = "Tests", "Tests", "{1F0FB0E9-6047-45BA-95E5-D24A1FA2CCA6}"
EndProject
Project("{FAE04EC0-301F-11D3-BF4B-00C04F79EFBC}") = "BarcodeFabric.Parser.Tests", "tests\BarcodeFabric.Core.Tests\BarcodeFabric.Parser.Tests.csproj", "{BF29B9E5-9AEB-472A-8070-B12C7E1D243F}"
EndProject
Project("{FAE04EC0-301F-11D3-BF4B-00C04F79EFBC}") = "BarcodeFabric.Parser", "src\BarcodeFabric.Parser\BarcodeFabric.Parser.csproj", "{EDE56646-BEC6-45FC-9C80-901F2FACCE2D}"
EndProject
Global
	GlobalSection(SolutionConfigurationPlatforms) = preSolution
		Debug|Any CPU = Debug|Any CPU
		Release|Any CPU = Release|Any CPU
	EndGlobalSection
	GlobalSection(ProjectConfigurationPlatforms) = postSolution
		{ABD72E17-4B48-4B90-9DAE-18685F7B74AE}.Debug|Any CPU.ActiveCfg = Debug|Any CPU
		{ABD72E17-4B48-4B90-9DAE-18685F7B74AE}.Debug|Any CPU.Build.0 = Debug|Any CPU
		{ABD72E17-4B48-4B90-9DAE-18685F7B74AE}.Release|Any CPU.ActiveCfg = Release|Any CPU
		{ABD72E17-4B48-4B90-9DAE-18685F7B74AE}.Release|Any CPU.Build.0 = Release|Any CPU
		{BF29B9E5-9AEB-472A-8070-B12C7E1D243F}.Debug|Any CPU.ActiveCfg = Debug|Any CPU
		{BF29B9E5-9AEB-472A-8070-B12C7E1D243F}.Debug|Any CPU.Build.0 = Debug|Any CPU
		{BF29B9E5-9AEB-472A-8070-B12C7E1D243F}.Release|Any CPU.ActiveCfg = Release|Any CPU
		{BF29B9E5-9AEB-472A-8070-B12C7E1D243F}.Release|Any CPU.Build.0 = Release|Any CPU
		{EDE56646-BEC6-45FC-9C80-901F2FACCE2D}.Debug|Any CPU.ActiveCfg = Debug|Any CPU
		{EDE56646-BEC6-45FC-9C80-901F2FACCE2D}.Debug|Any CPU.Build.0 = Debug|Any CPU
		{EDE56646-BEC6-45FC-9C80-901F2FACCE2D}.Release|Any CPU.ActiveCfg = Release|Any CPU
		{EDE56646-BEC6-45FC-9C80-901F2FACCE2D}.Release|Any CPU.Build.0 = Release|Any CPU
	EndGlobalSection
	GlobalSection(SolutionProperties) = preSolution
		HideSolutionNode = FALSE
	EndGlobalSection
	GlobalSection(NestedProjects) = preSolution
		{BF29B9E5-9AEB-472A-8070-B12C7E1D243F} = {1F0FB0E9-6047-45BA-95E5-D24A1FA2CCA6}
	EndGlobalSection
EndGlobal
